
Microsoft Visual Studio Solution File, Format Version 12.00
# Visual Studio Version 17
VisualStudioVersion = 17.8.34004.107
MinimumVisualStudioVersion = 10.0.40219.1
Project("{9A19103F-16F7-4668-BE54-9A1E7A4F7556}") = "WebApp", "WebApp\WebApp.csproj", "{390EA8F6-0D15-48AE-830A-2514C594E5F7}"
EndProject
Project("{9A19103F-16F7-4668-BE54-9A1E7A4F7556}") = "DataAccess", "DataAccess\DataAccess.csproj", "{108932D7-BF0D-408D-B46A-57012B3660FF}"
EndProject
Project("{9A19103F-16F7-4668-BE54-9A1E7A4F7556}") = "Domain", "Domain\Domain.csproj", "{830E04F9-8A65-4007-B6C5-1AF6429795E8}"
EndProject
Project("{9A19103F-16F7-4668-BE54-9A1E7A4F7556}") = "MailJet", "MailJet\MailJet.csproj", "{EADB9E40-A95A-4282-AF9B-353C0603329C}"
EndProject
Global
	GlobalSection(SolutionConfigurationPlatforms) = preSolution
		Debug|Any CPU = Debug|Any CPU
		Release|Any CPU = Release|Any CPU
	EndGlobalSection
	GlobalSection(ProjectConfigurationPlatforms) = postSolution
		{390EA8F6-0D15-48AE-830A-2514C594E5F7}.Debug|Any CPU.ActiveCfg = Debug|Any CPU
		{390EA8F6-0D15-48AE-830A-2514C594E5F7}.Debug|Any CPU.Build.0 = Debug|Any CPU
		{390EA8F6-0D15-48AE-830A-2514C594E5F7}.Release|Any CPU.ActiveCfg = Release|Any CPU
		{390EA8F6-0D15-48AE-830A-2514C594E5F7}.Release|Any CPU.Build.0 = Release|Any CPU
		{108932D7-BF0D-408D-B46A-57012B3660FF}.Debug|Any CPU.ActiveCfg = Debug|Any CPU
		{108932D7-BF0D-408D-B46A-57012B3660FF}.Debug|Any CPU.Build.0 = Debug|Any CPU
		{108932D7-BF0D-408D-B46A-57012B3660FF}.Release|Any CPU.ActiveCfg = Release|Any CPU
		{108932D7-BF0D-408D-B46A-57012B3660FF}.Release|Any CPU.Build.0 = Release|Any CPU
		{830E04F9-8A65-4007-B6C5-1AF6429795E8}.Debug|Any CPU.ActiveCfg = Debug|Any CPU
		{830E04F9-8A65-4007-B6C5-1AF6429795E8}.Debug|Any CPU.Build.0 = Debug|Any CPU
		{830E04F9-8A65-4007-B6C5-1AF6429795E8}.Release|Any CPU.ActiveCfg = Release|Any CPU
		{830E04F9-8A65-4007-B6C5-1AF6429795E8}.Release|Any CPU.Build.0 = Release|Any CPU
		{EADB9E40-A95A-4282-AF9B-353C0603329C}.Debug|Any CPU.ActiveCfg = Debug|Any CPU
		{EADB9E40-A95A-4282-AF9B-353C0603329C}.Debug|Any CPU.Build.0 = Debug|Any CPU
		{EADB9E40-A95A-4282-AF9B-353C0603329C}.Release|Any CPU.ActiveCfg = Release|Any CPU
		{EADB9E40-A95A-4282-AF9B-353C0603329C}.Release|Any CPU.Build.0 = Release|Any CPU
	EndGlobalSection
	GlobalSection(SolutionProperties) = preSolution
		HideSolutionNode = FALSE
	EndGlobalSection
	GlobalSection(ExtensibilityGlobals) = postSolution
		SolutionGuid = {9B120FF7-7428-4452-9F34-8073C5FC621D}
	EndGlobalSection
EndGlobal
